
Microsoft Visual Studio Solution File, Format Version 12.00
# Visual Studio Version 17
VisualStudioVersion = 17.9.34728.123
MinimumVisualStudioVersion = 10.0.40219.1
Project("{FAE04EC0-301F-11D3-BF4B-00C04F79EFBC}") = "DatabaseMedical", "DatabaseMedical\DatabaseMedical.csproj", "{F415199F-6713-4C1D-9A68-707D34A27E66}"
EndProject
Global
	GlobalSection(SolutionConfigurationPlatforms) = preSolution
		Debug|Any CPU = Debug|Any CPU
		Release|Any CPU = Release|Any CPU
	EndGlobalSection
	GlobalSection(ProjectConfigurationPlatforms) = postSolution
		{F415199F-6713-4C1D-9A68-707D34A27E66}.Debug|Any CPU.ActiveCfg = Debug|Any CPU
		{F415199F-6713-4C1D-9A68-707D34A27E66}.Debug|Any CPU.Build.0 = Debug|Any CPU
		{F415199F-6713-4C1D-9A68-707D34A27E66}.Release|Any CPU.ActiveCfg = Release|Any CPU
		{F415199F-6713-4C1D-9A68-707D34A27E66}.Release|Any CPU.Build.0 = Release|Any CPU
	EndGlobalSection
	GlobalSection(SolutionProperties) = preSolution
		HideSolutionNode = FALSE
	EndGlobalSection
	GlobalSection(ExtensibilityGlobals) = postSolution
		SolutionGuid = {CCF208FB-3214-4FB5-B3AF-63DA4723792E}
	EndGlobalSection
EndGlobal
